
Microsoft Visual Studio Solution File, Format Version 12.00
# Visual Studio Version 16
VisualStudioVersion = 16.0.810.25
MinimumVisualStudioVersion = 10.0.40219.1
Project("{FAE04EC0-301F-11D3-BF4B-00C04F79EFBC}") = "CyclicRotation", "CyclicRotation\CyclicRotation.csproj", "{38972BED-0315-419A-9DC9-3E1D15D008B5}"
EndProject
Global
	GlobalSection(SolutionConfigurationPlatforms) = preSolution
		Debug|Any CPU = Debug|Any CPU
		Release|Any CPU = Release|Any CPU
	EndGlobalSection
	GlobalSection(ProjectConfigurationPlatforms) = postSolution
		{38972BED-0315-419A-9DC9-3E1D15D008B5}.Debug|Any CPU.ActiveCfg = Debug|Any CPU
		{38972BED-0315-419A-9DC9-3E1D15D008B5}.Debug|Any CPU.Build.0 = Debug|Any CPU
		{38972BED-0315-419A-9DC9-3E1D15D008B5}.Release|Any CPU.ActiveCfg = Release|Any CPU
		{38972BED-0315-419A-9DC9-3E1D15D008B5}.Release|Any CPU.Build.0 = Release|Any CPU
	EndGlobalSection
	GlobalSection(SolutionProperties) = preSolution
		HideSolutionNode = FALSE
	EndGlobalSection
	GlobalSection(ExtensibilityGlobals) = postSolution
		SolutionGuid = {6EC0298D-658B-433A-85D1-DD720943A301}
	EndGlobalSection
EndGlobal
